
Microsoft Visual Studio Solution File, Format Version 12.00
# Visual Studio Version 16
VisualStudioVersion = 16.0.32413.511
MinimumVisualStudioVersion = 10.0.40219.1
Project("{FAE04EC0-301F-11D3-BF4B-00C04F79EFBC}") = "Задание 3", "Задание 3.csproj", "{B39CF5D8-93D7-49C6-BE36-C20D4EBF5658}"
EndProject
Global
	GlobalSection(SolutionConfigurationPlatforms) = preSolution
		Debug|Any CPU = Debug|Any CPU
		Release|Any CPU = Release|Any CPU
	EndGlobalSection
	GlobalSection(ProjectConfigurationPlatforms) = postSolution
		{B39CF5D8-93D7-49C6-BE36-C20D4EBF5658}.Debug|Any CPU.ActiveCfg = Debug|Any CPU
		{B39CF5D8-93D7-49C6-BE36-C20D4EBF5658}.Debug|Any CPU.Build.0 = Debug|Any CPU
		{B39CF5D8-93D7-49C6-BE36-C20D4EBF5658}.Release|Any CPU.ActiveCfg = Release|Any CPU
		{B39CF5D8-93D7-49C6-BE36-C20D4EBF5658}.Release|Any CPU.Build.0 = Release|Any CPU
	EndGlobalSection
	GlobalSection(SolutionProperties) = preSolution
		HideSolutionNode = FALSE
	EndGlobalSection
	GlobalSection(ExtensibilityGlobals) = postSolution
		SolutionGuid = {0650D4B4-B743-41D9-88F6-835090596061}
	EndGlobalSection
EndGlobal
