
Microsoft Visual Studio Solution File, Format Version 12.00
# Visual Studio Version 16
VisualStudioVersion = 16.0.32413.511
MinimumVisualStudioVersion = 10.0.40219.1
Project("{FAE04EC0-301F-11D3-BF4B-00C04F79EFBC}") = "Задание 4", "Задание 4.csproj", "{6B86F705-AF06-4B53-B50A-AAA0B33A57D7}"
EndProject
Global
	GlobalSection(SolutionConfigurationPlatforms) = preSolution
		Debug|Any CPU = Debug|Any CPU
		Release|Any CPU = Release|Any CPU
	EndGlobalSection
	GlobalSection(ProjectConfigurationPlatforms) = postSolution
		{6B86F705-AF06-4B53-B50A-AAA0B33A57D7}.Debug|Any CPU.ActiveCfg = Debug|Any CPU
		{6B86F705-AF06-4B53-B50A-AAA0B33A57D7}.Debug|Any CPU.Build.0 = Debug|Any CPU
		{6B86F705-AF06-4B53-B50A-AAA0B33A57D7}.Release|Any CPU.ActiveCfg = Release|Any CPU
		{6B86F705-AF06-4B53-B50A-AAA0B33A57D7}.Release|Any CPU.Build.0 = Release|Any CPU
	EndGlobalSection
	GlobalSection(SolutionProperties) = preSolution
		HideSolutionNode = FALSE
	EndGlobalSection
	GlobalSection(ExtensibilityGlobals) = postSolution
		SolutionGuid = {91AA1362-28D9-4DA2-8668-48900B7604C6}
	EndGlobalSection
EndGlobal
