
Microsoft Visual Studio Solution File, Format Version 12.00
# Visual Studio Version 16
VisualStudioVersion = 16.0.32413.511
MinimumVisualStudioVersion = 10.0.40219.1
Project("{FAE04EC0-301F-11D3-BF4B-00C04F79EFBC}") = "Задание 2", "Задание 2.csproj", "{B82A0067-A722-45D9-900D-AD155AA24EAD}"
EndProject
Global
	GlobalSection(SolutionConfigurationPlatforms) = preSolution
		Debug|Any CPU = Debug|Any CPU
		Release|Any CPU = Release|Any CPU
	EndGlobalSection
	GlobalSection(ProjectConfigurationPlatforms) = postSolution
		{B82A0067-A722-45D9-900D-AD155AA24EAD}.Debug|Any CPU.ActiveCfg = Debug|Any CPU
		{B82A0067-A722-45D9-900D-AD155AA24EAD}.Debug|Any CPU.Build.0 = Debug|Any CPU
		{B82A0067-A722-45D9-900D-AD155AA24EAD}.Release|Any CPU.ActiveCfg = Release|Any CPU
		{B82A0067-A722-45D9-900D-AD155AA24EAD}.Release|Any CPU.Build.0 = Release|Any CPU
	EndGlobalSection
	GlobalSection(SolutionProperties) = preSolution
		HideSolutionNode = FALSE
	EndGlobalSection
	GlobalSection(ExtensibilityGlobals) = postSolution
		SolutionGuid = {5FD81244-37A4-4390-A0DB-E1ACE0464A45}
	EndGlobalSection
EndGlobal
